
Microsoft Visual Studio Solution File, Format Version 12.00
# Visual Studio Version 16
VisualStudioVersion = 16.0.31829.152
MinimumVisualStudioVersion = 10.0.40219.1
Project("{9A19103F-16F7-4668-BE54-9A1E7A4F7556}") = "OrganizerWebApplication", "OrganizerWebApplication\OrganizerWebApplication.csproj", "{AC1063FD-3346-44EF-B550-78E7FADF5E9B}"
EndProject
Project("{FAE04EC0-301F-11D3-BF4B-00C04F79EFBC}") = "SportWebApplication", "SportWebApplication\SportWebApplication.csproj", "{53A755CA-CF73-42A6-929C-D2869623AC81}"
EndProject
Project("{FAE04EC0-301F-11D3-BF4B-00C04F79EFBC}") = "WebApplication1", "WebApplication1\WebApplication1.csproj", "{71AA2B2E-3673-4A48-B26D-44CCC6D9AC46}"
EndProject
Global
	GlobalSection(SolutionConfigurationPlatforms) = preSolution
		Debug|Any CPU = Debug|Any CPU
		Release|Any CPU = Release|Any CPU
	EndGlobalSection
	GlobalSection(ProjectConfigurationPlatforms) = postSolution
		{AC1063FD-3346-44EF-B550-78E7FADF5E9B}.Debug|Any CPU.ActiveCfg = Debug|Any CPU
		{AC1063FD-3346-44EF-B550-78E7FADF5E9B}.Debug|Any CPU.Build.0 = Debug|Any CPU
		{AC1063FD-3346-44EF-B550-78E7FADF5E9B}.Release|Any CPU.ActiveCfg = Release|Any CPU
		{AC1063FD-3346-44EF-B550-78E7FADF5E9B}.Release|Any CPU.Build.0 = Release|Any CPU
		{53A755CA-CF73-42A6-929C-D2869623AC81}.Debug|Any CPU.ActiveCfg = Debug|Any CPU
		{53A755CA-CF73-42A6-929C-D2869623AC81}.Debug|Any CPU.Build.0 = Debug|Any CPU
		{53A755CA-CF73-42A6-929C-D2869623AC81}.Release|Any CPU.ActiveCfg = Release|Any CPU
		{53A755CA-CF73-42A6-929C-D2869623AC81}.Release|Any CPU.Build.0 = Release|Any CPU
		{71AA2B2E-3673-4A48-B26D-44CCC6D9AC46}.Debug|Any CPU.ActiveCfg = Debug|Any CPU
		{71AA2B2E-3673-4A48-B26D-44CCC6D9AC46}.Debug|Any CPU.Build.0 = Debug|Any CPU
		{71AA2B2E-3673-4A48-B26D-44CCC6D9AC46}.Release|Any CPU.ActiveCfg = Release|Any CPU
		{71AA2B2E-3673-4A48-B26D-44CCC6D9AC46}.Release|Any CPU.Build.0 = Release|Any CPU
	EndGlobalSection
	GlobalSection(SolutionProperties) = preSolution
		HideSolutionNode = FALSE
	EndGlobalSection
	GlobalSection(ExtensibilityGlobals) = postSolution
		SolutionGuid = {2425B537-EA7F-461F-9608-E2F5AB8EDC13}
	EndGlobalSection
EndGlobal
